{
  "name": "vega",
  "version": "5.3.2",
  "lockfileVersion": 1,
  "requires": true,
  "dependencies": {
    "commander": {
      "version": "2.20.0",
      "resolved": "https://registry.npmjs.org/commander/-/commander-2.20.0.tgz",
      "integrity": "sha512-7j2y+40w61zy6YC2iRNpUe/NwhNyoXrYpHMrSunaMG64nRnaf96zO/KMQR4OyN/UnE5KLyEBnKHd4aG3rskjpQ=="
    },
    "d3-array": {
      "version": "2.0.3",
      "resolved": "https://registry.npmjs.org/d3-array/-/d3-array-2.0.3.tgz",
      "integrity": "sha512-C7g4aCOoJa+/K5hPVqZLG8wjYHsTUROTk7Z1Ep9F4P5l+WVrvV0+6nAZ1wKTRLMhFWpGbozxUpyjIPZYAaLi+g=="
    },
    "d3-color": {
      "version": "1.2.3",
      "resolved": "https://registry.npmjs.org/d3-color/-/d3-color-1.2.3.tgz",
      "integrity": "sha512-x37qq3ChOTLd26hnps36lexMRhNXEtVxZ4B25rL0DVdDsGQIJGB18S7y9XDwlDD6MD/ZBzITCf4JjGMM10TZkw=="
    },
    "d3-contour": {
      "version": "1.3.2",
      "resolved": "https://registry.npmjs.org/d3-contour/-/d3-contour-1.3.2.tgz",
      "integrity": "sha512-hoPp4K/rJCu0ladiH6zmJUEz6+u3lgR+GSm/QdM2BBvDraU39Vr7YdDCicJcxP1z8i9B/2dJLgDC1NcvlF8WCg==",
      "requires": {
        "d3-array": "^1.1.1"
      },
      "dependencies": {
        "d3-array": {
          "version": "1.2.4",
          "resolved": "https://registry.npmjs.org/d3-array/-/d3-array-1.2.4.tgz",
          "integrity": "sha512-KHW6M86R+FUPYGb3R5XiYjXPq7VzwxZ22buHhAEVG5ztoEcZZMLov530mmccaqA1GghZArjQV46fuc8kUqhhHw=="
        }
      }
    },
    "d3-dispatch": {
      "version": "1.0.5",
      "resolved": "https://registry.npmjs.org/d3-dispatch/-/d3-dispatch-1.0.5.tgz",
      "integrity": "sha512-vwKx+lAqB1UuCeklr6Jh1bvC4SZgbSqbkGBLClItFBIYH4vqDJCA7qfoy14lXmJdnBOdxndAMxjCbImJYW7e6g=="
    },
    "d3-dsv": {
      "version": "1.1.1",
      "resolved": "https://registry.npmjs.org/d3-dsv/-/d3-dsv-1.1.1.tgz",
      "integrity": "sha512-1EH1oRGSkeDUlDRbhsFytAXU6cAmXFzc52YUe6MRlPClmWb85MP1J5x+YJRzya4ynZWnbELdSAvATFW/MbxaXw==",
      "requires": {
        "commander": "2",
        "iconv-lite": "0.4",
        "rw": "1"
      }
    },
    "d3-force": {
      "version": "2.0.1",
      "resolved": "https://registry.npmjs.org/d3-force/-/d3-force-2.0.1.tgz",
      "integrity": "sha512-zh73/N6+MElRojiUG7vmn+3vltaKon7iD5vB/7r9nUaBeftXMzRo5IWEG63DLBCto4/8vr9i3m9lwr1OTJNiCg==",
      "requires": {
        "d3-dispatch": "1",
        "d3-quadtree": "1",
        "d3-timer": "1"
      }
    },
    "d3-format": {
      "version": "1.3.2",
      "resolved": "https://registry.npmjs.org/d3-format/-/d3-format-1.3.2.tgz",
      "integrity": "sha512-Z18Dprj96ExragQ0DeGi+SYPQ7pPfRMtUXtsg/ChVIKNBCzjO8XYJvRTC1usblx52lqge56V5ect+frYTQc8WQ=="
    },
    "d3-geo": {
      "version": "1.11.3",
      "resolved": "https://registry.npmjs.org/d3-geo/-/d3-geo-1.11.3.tgz",
      "integrity": "sha512-n30yN9qSKREvV2fxcrhmHUdXP9TNH7ZZj3C/qnaoU0cVf/Ea85+yT7HY7i8ySPwkwjCNYtmKqQFTvLFngfkItQ==",
      "requires": {
        "d3-array": "1"
      },
      "dependencies": {
        "d3-array": {
          "version": "1.2.4",
          "resolved": "https://registry.npmjs.org/d3-array/-/d3-array-1.2.4.tgz",
          "integrity": "sha512-KHW6M86R+FUPYGb3R5XiYjXPq7VzwxZ22buHhAEVG5ztoEcZZMLov530mmccaqA1GghZArjQV46fuc8kUqhhHw=="
        }
      }
    },
    "d3-hierarchy": {
      "version": "1.1.8",
      "resolved": "https://registry.npmjs.org/d3-hierarchy/-/d3-hierarchy-1.1.8.tgz",
      "integrity": "sha512-L+GHMSZNwTpiq4rt9GEsNcpLa4M96lXMR8M/nMG9p5hBE0jy6C+3hWtyZMenPQdwla249iJy7Nx0uKt3n+u9+w=="
    },
    "d3-interpolate": {
      "version": "1.3.2",
      "resolved": "https://registry.npmjs.org/d3-interpolate/-/d3-interpolate-1.3.2.tgz",
      "integrity": "sha512-NlNKGopqaz9qM1PXh9gBF1KSCVh+jSFErrSlD/4hybwoNX/gt1d8CDbDW+3i+5UOHhjC6s6nMvRxcuoMVNgL2w==",
      "requires": {
        "d3-color": "1"
      }
    },
    "d3-path": {
      "version": "1.0.7",
      "resolved": "https://registry.npmjs.org/d3-path/-/d3-path-1.0.7.tgz",
      "integrity": "sha512-q0cW1RpvA5c5ma2rch62mX8AYaiLX0+bdaSM2wxSU9tXjU4DNvkx9qiUvjkuWCj3p22UO/hlPivujqMiR9PDzA=="
    },
    "d3-quadtree": {
      "version": "1.0.6",
      "resolved": "https://registry.npmjs.org/d3-quadtree/-/d3-quadtree-1.0.6.tgz",
      "integrity": "sha512-NUgeo9G+ENQCQ1LsRr2qJg3MQ4DJvxcDNCiohdJGHt5gRhBW6orIB5m5FJ9kK3HNL8g9F4ERVoBzcEwQBfXWVA=="
    },
    "d3-scale": {
      "version": "3.0.0",
      "resolved": "https://registry.npmjs.org/d3-scale/-/d3-scale-3.0.0.tgz",
      "integrity": "sha512-ktic5HBFlAZj2CN8CCl/p/JyY8bMQluN7+fA6ICE6yyoMOnSQAZ1Bb8/5LcNpNKMBMJge+5Vv4pWJhARYlQYFw==",
      "requires": {
        "d3-array": "^1.2.0 || 2",
        "d3-format": "1",
        "d3-interpolate": "1",
        "d3-time": "1",
        "d3-time-format": "2"
      }
    },
    "d3-shape": {
      "version": "1.3.5",
      "resolved": "https://registry.npmjs.org/d3-shape/-/d3-shape-1.3.5.tgz",
      "integrity": "sha512-VKazVR3phgD+MUCldapHD7P9kcrvPcexeX/PkMJmkUov4JM8IxsSg1DvbYoYich9AtdTsa5nNk2++ImPiDiSxg==",
      "requires": {
        "d3-path": "1"
      }
    },
    "d3-time": {
      "version": "1.0.11",
      "resolved": "https://registry.npmjs.org/d3-time/-/d3-time-1.0.11.tgz",
      "integrity": "sha512-Z3wpvhPLW4vEScGeIMUckDW7+3hWKOQfAWg/U7PlWBnQmeKQ00gCUsTtWSYulrKNA7ta8hJ+xXc6MHrMuITwEw=="
    },
    "d3-time-format": {
      "version": "2.1.3",
      "resolved": "https://registry.npmjs.org/d3-time-format/-/d3-time-format-2.1.3.tgz",
      "integrity": "sha512-6k0a2rZryzGm5Ihx+aFMuO1GgelgIz+7HhB4PH4OEndD5q2zGn1mDfRdNrulspOfR6JXkb2sThhDK41CSK85QA==",
      "requires": {
        "d3-time": "1"
      }
    },
    "d3-timer": {
      "version": "1.0.9",
      "resolved": "https://registry.npmjs.org/d3-timer/-/d3-timer-1.0.9.tgz",
      "integrity": "sha512-rT34J5HnQUHhcLvhSB9GjCkN0Ddd5Y8nCwDBG2u6wQEeYxT/Lf51fTFFkldeib/sE/J0clIe0pnCfs6g/lRbyg=="
    },
    "d3-voronoi": {
      "version": "1.1.4",
      "resolved": "https://registry.npmjs.org/d3-voronoi/-/d3-voronoi-1.1.4.tgz",
      "integrity": "sha512-dArJ32hchFsrQ8uMiTBLq256MpnZjeuBtdHpaDlYuQyjU0CVzCJl/BVW+SkszaAeH95D/8gxqAhgx0ouAWAfRg=="
    },
    "iconv-lite": {
      "version": "0.4.24",
      "resolved": "https://registry.npmjs.org/iconv-lite/-/iconv-lite-0.4.24.tgz",
      "integrity": "sha512-v3MXnZAcvnywkTUEZomIActle7RXXeedOR31wwl7VlyoXO4Qi9arvSenNQWne1TcRwhCL1HwLI21bEqdpj8/rA==",
      "requires": {
        "safer-buffer": ">= 2.1.2 < 3"
      }
    },
    "node-fetch": {
      "version": "2.3.0",
      "resolved": "https://registry.npmjs.org/node-fetch/-/node-fetch-2.3.0.tgz",
      "integrity": "sha512-MOd8pV3fxENbryESLgVIeaGKrdl+uaYhCSSVkjeOb/31/njTpcis5aWfdqgNlHIrKOLRbMnfPINPOML2CIFeXA=="
    },
    "rw": {
      "version": "1.3.3",
      "resolved": "https://registry.npmjs.org/rw/-/rw-1.3.3.tgz",
      "integrity": "sha1-P4Yt+pGrdmsUiF700BEkv9oHT7Q="
    },
    "safer-buffer": {
      "version": "2.1.2",
      "resolved": "https://registry.npmjs.org/safer-buffer/-/safer-buffer-2.1.2.tgz",
      "integrity": "sha512-YZo3K82SD7Riyi0E1EQPojLz7kpepnSQI9IyPbHHg1XXXevb5dJI7tpyN2ADxGcQbHG7vcyRHk0cbwqcQriUtg=="
    },
    "topojson-client": {
      "version": "3.0.0",
      "resolved": "https://registry.npmjs.org/topojson-client/-/topojson-client-3.0.0.tgz",
      "integrity": "sha1-H5kpOnfvQqRI0DKoGqmCtz82DS8=",
      "requires": {
        "commander": "2"
      }
    },
    "vega-canvas": {
      "version": "1.2.1",
      "resolved": "https://registry.npmjs.org/vega-canvas/-/vega-canvas-1.2.1.tgz",
      "integrity": "sha512-k/S3EPeJ37D7fYDhv4sEg7fNWVpLheQY7flfLyAmJU7aSwCMgw8cZJi0CKHchJeculssfH+41NCqvRB1QtaJnw=="
    },
    "vega-crossfilter": {
      "version": "4.0.1",
      "resolved": "https://registry.npmjs.org/vega-crossfilter/-/vega-crossfilter-4.0.1.tgz",
      "integrity": "sha512-wLNS4JzKaOLj8EAzI/v8XBJjUWMRWYSu6EeQF4o9Opq/78u87Ol9Lc5I27UHsww5dNNH/tHubAV4QPIXnGOp5Q==",
      "requires": {
        "d3-array": "^2.0.3",
        "vega-dataflow": "^5.1.0",
        "vega-util": "^1.8.0"
      }
    },
    "vega-dataflow": {
      "version": "5.2.1",
      "resolved": "https://registry.npmjs.org/vega-dataflow/-/vega-dataflow-5.2.1.tgz",
      "integrity": "sha512-Yer0BlKVemxrlPwDF1p1z/dcMQZdzJNPAoVmp58GQsp4EyS4zW6yFOnMrLAxvU2SU6hywNbtL+7PBDVzzffgNw==",
      "requires": {
        "vega-loader": "^4.0.0",
        "vega-util": "^1.10.0"
      }
    },
    "vega-encode": {
      "version": "4.2.2",
      "resolved": "https://registry.npmjs.org/vega-encode/-/vega-encode-4.2.2.tgz",
      "integrity": "sha512-3f/c8muUod75w5ieClKGrwtFgLPbfPQBkUat40Bi4FYj9eQ42uYbeecUso4h4D7Z9Vmksclp06ESpVLtv66tag==",
      "requires": {
        "d3-array": "^2.0.3",
        "d3-format": "^1.3.2",
        "d3-interpolate": "^1.3.2",
        "d3-time-format": "^2.1.3",
        "vega-dataflow": "^5.1.1",
        "vega-scale": "^4.1.0",
        "vega-util": "^1.8.0"
      }
    },
    "vega-event-selector": {
      "version": "2.0.0",
      "resolved": "https://registry.npmjs.org/vega-event-selector/-/vega-event-selector-2.0.0.tgz",
      "integrity": "sha512-EZeStM/7LNfJiRuop0lvhOR52Q1l9i/EIYUnm/XddhjR+UqhPkeCmZcffMTr41z3aGm/zciVLlKanUWNT+jQ1A=="
    },
    "vega-expression": {
      "version": "2.6.0",
      "resolved": "https://registry.npmjs.org/vega-expression/-/vega-expression-2.6.0.tgz",
      "integrity": "sha512-c2FFrIfKtlTtLCR3BnZDm6O2ey7u+5YRukLnNobRe+hoiqeH86C2+FkjXotE63cYGj39R5OS+SK+VBSDz3bmVw==",
      "requires": {
        "vega-util": "^1.8.0"
      }
    },
    "vega-force": {
      "version": "4.0.1",
      "resolved": "https://registry.npmjs.org/vega-force/-/vega-force-4.0.1.tgz",
      "integrity": "sha512-b+gOZCon0Odg7RQg5q9NHFHPrB9/pLiZrNqlEaFHXXXmqlMBCz0BjrFxaP7FkXwIxG2Z4bef70Ly6aLyzm/m3A==",
      "requires": {
        "d3-force": "^2.0.0",
        "vega-dataflow": "^5.1.0",
        "vega-util": "^1.8.0"
      }
    },
    "vega-functions": {
      "version": "5.2.0",
      "resolved": "https://registry.npmjs.org/vega-functions/-/vega-functions-5.2.0.tgz",
      "integrity": "sha512-xqDvT/HFSaDCgFkq5r1VgwHG5wIeNSPQatMCR7MjqXH5y08JR5eGt4RMJAq4yiFvub1WlQo+wUPVLiOMt67cUg==",
      "requires": {
        "d3-array": "^2.0.3",
        "d3-color": "^1.2.3",
        "d3-format": "^1.3.2",
        "d3-geo": "^1.11.3",
        "d3-time-format": "^2.1.3",
        "vega-dataflow": "^5.2.1",
        "vega-expression": "^2.6.0",
        "vega-scale": "^4.0.0",
        "vega-scenegraph": "^4.0.0",
        "vega-selections": "^5.0.0",
        "vega-statistics": "^1.3.0",
        "vega-util": "^1.9.0"
      }
    },
    "vega-geo": {
      "version": "4.0.1",
      "resolved": "https://registry.npmjs.org/vega-geo/-/vega-geo-4.0.1.tgz",
      "integrity": "sha512-51kGRVG4BIWhMD4BFaLL/8oMNWdQwykYjXFBMjDiDlBGp3x0TT1IaFMy1VeH2wV2F4vctCYcsMvSuKfVtG85/w==",
      "requires": {
        "d3-array": "^2.0.3",
        "d3-contour": "^1.3.2",
        "d3-geo": "^1.11.3",
        "vega-dataflow": "^5.1.0",
        "vega-projection": "^1.2.1",
        "vega-util": "^1.8.0"
      }
    },
    "vega-hierarchy": {
      "version": "4.0.1",
      "resolved": "https://registry.npmjs.org/vega-hierarchy/-/vega-hierarchy-4.0.1.tgz",
      "integrity": "sha512-LBkgnltUIkQJZ4s9P6geQe+zVRtdDTZ6dDr0RoR+NVMPIxuyCrGgWiuGLEPq0HDMdR8Oc+UAfl3x1nsHe8Zdkw==",
      "requires": {
        "d3-hierarchy": "^1.1.8",
        "vega-dataflow": "^5.1.0",
        "vega-util": "^1.8.0"
      }
    },
    "vega-loader": {
      "version": "4.0.0",
      "resolved": "https://registry.npmjs.org/vega-loader/-/vega-loader-4.0.0.tgz",
      "integrity": "sha512-C6O2x6pVWefozOjEKCatH8y7xWp8zvtQEDdCZPY9QMUMiNN9+BUL3h9BT/fhdBHADBlkU0wcaG77z5+6aJFgbA==",
      "requires": {
        "d3-dsv": "^1.1.1",
        "d3-time-format": "^2.1.3",
        "node-fetch": "^2.3.0",
        "topojson-client": "^3.0.0",
        "vega-util": "^1.8.0"
      }
    },
    "vega-parser": {
      "version": "5.6.2",
      "resolved": "https://registry.npmjs.org/vega-parser/-/vega-parser-5.6.2.tgz",
      "integrity": "sha512-3FIYzHEoPL0lU/cN9WLEvWz89/VFiVvHVaqDAb9manDl/xHEBQbjz62za5K3YsMC1iHh+aSItcHqj8fGFtj2ag==",
      "requires": {
        "vega-dataflow": "^5.2.1",
        "vega-event-selector": "^2.0.0",
        "vega-expression": "^2.6.0",
        "vega-functions": "^5.2.0",
        "vega-scale": "^4.1.1",
        "vega-util": "^1.10.0"
      }
    },
    "vega-projection": {
      "version": "1.2.1",
      "resolved": "https://registry.npmjs.org/vega-projection/-/vega-projection-1.2.1.tgz",
      "integrity": "sha512-7ouWSDdBV8kBQFA26RHUtp39DDO7g3NcEJlhhBywvCQ0nEtqZinERW3bIOxVxZ5H1OKkmhBrxQUPHok2AC06aA==",
      "requires": {
        "d3-geo": "^1.11.3"
      }
    },
    "vega-runtime": {
      "version": "5.0.1",
      "resolved": "https://registry.npmjs.org/vega-runtime/-/vega-runtime-5.0.1.tgz",
      "integrity": "sha512-Aopn4CSMMKOO0pGrvtFShSiW5OJ6I7caumx3wWARAn8E6WISZTp4ORorTMwGOav4GQcg+aG/FREORHjkKCpyFA==",
      "requires": {
        "vega-dataflow": "^5.1.0",
        "vega-util": "^1.8.0"
      }
    },
    "vega-scale": {
      "version": "4.1.1",
      "resolved": "https://registry.npmjs.org/vega-scale/-/vega-scale-4.1.1.tgz",
      "integrity": "sha512-mFGsSUuDrGT9MYRyWinwqla9u06w3/DAEJQrBqFFaL6g7BSggW/y2SiA+RyDdGQf2gU7VfunkaCK9Jt7I768rw==",
      "requires": {
        "d3-array": "^2.0.3",
        "d3-interpolate": "^1.3.2",
        "d3-scale": "^3.0.0",
        "d3-time": "^1.0.11",
        "vega-util": "^1.10.0"
      }
    },
    "vega-scenegraph": {
      "version": "4.1.0",
      "resolved": "https://registry.npmjs.org/vega-scenegraph/-/vega-scenegraph-4.1.0.tgz",
      "integrity": "sha512-XNANAo+6NqNIbS0s+JDmZtxBdr2FyZXAI4zn9To7vn6Enbjl380go+VO0vn7Pf1ywiIlEYfVvn+9swIzxvbz6w==",
      "requires": {
        "d3-path": "^1.0.7",
        "d3-shape": "^1.3.4",
        "vega-canvas": "^1.2.0",
        "vega-loader": "^4.0.0",
        "vega-util": "^1.8.0"
      }
    },
    "vega-schema": {
      "version": "5.3.0",
      "resolved": "https://registry.npmjs.org/vega-schema/-/vega-schema-5.3.0.tgz",
      "integrity": "sha512-Co2iNm5QKoZMfNRDksBEgk9/M/KEMr9uGOPmTDjPDfDsn/fbOg7BAwGvOSCC2BhS4QzaZ7axGfWGna/pPB9Bfw==",
      "dev": true,
      "requires": {
        "vega-scale": "^4.0.0"
      }
    },
    "vega-selections": {
      "version": "5.0.0",
      "resolved": "https://registry.npmjs.org/vega-selections/-/vega-selections-5.0.0.tgz",
      "integrity": "sha512-x5QVF6sBLmvpEWUUIzUqxvvQZTdaj/SzIUtO4SGhvKylBpAWpb0Qyt/GKZ6FZc8FVcH55CQj5uvpre828tjO2Q==",
      "requires": {
        "vega-expression": "^2.5.0",
        "vega-util": "^1.8.0"
      }
    },
    "vega-statistics": {
      "version": "1.3.1",
      "resolved": "https://registry.npmjs.org/vega-statistics/-/vega-statistics-1.3.1.tgz",
      "integrity": "sha512-4GlQAlQKn2He9AhyM8brx0d9YKHPGwRzL0JPhgL9FmXOsi+2F7tJk+4P6UwhKHinRA/iroEQqtwzu6oFgZP0Gw==",
      "requires": {
        "d3-array": "^2.0.3"
      }
    },
    "vega-transforms": {
      "version": "4.0.3",
      "resolved": "https://registry.npmjs.org/vega-transforms/-/vega-transforms-4.0.3.tgz",
      "integrity": "sha512-SRBtj2bVuI4SlkSiflxaMtiFl9ZyEJGy6CHPt20snV5JnDgBUOthcnPNbVCCdRN4mxz864UM/k1Johs9oI6gNg==",
      "requires": {
        "d3-array": "^2.0.3",
        "vega-dataflow": "^5.2.1",
        "vega-statistics": "^1.3.1",
        "vega-util": "^1.10.0"
      }
    },
    "vega-typings": {
      "version": "0.6.2",
      "resolved": "https://registry.npmjs.org/vega-typings/-/vega-typings-0.6.2.tgz",
      "integrity": "sha512-k1VBtlj+Ls8cgl1zvdUD6iX7YGsxkHSWmeG0C8DGOxKU7Q3imOCb7uUytexVjVKuWqwCrMnmNTYspelgLBMO+Q==",
      "requires": {
        "vega-util": "^1.10.0"
      }
    },
    "vega-util": {
      "version": "1.10.0",
      "resolved": "https://registry.npmjs.org/vega-util/-/vega-util-1.10.0.tgz",
      "integrity": "sha512-fTGnTG7FhtTG9tiYDL3k5s8YHqB71Ml5+aC9B7eaBygeB8GKXBrcbTXLOzoCRxT3Jr5cRhr99PMBu0AkqmhBog=="
    },
    "vega-view": {
      "version": "5.2.1",
      "resolved": "https://registry.npmjs.org/vega-view/-/vega-view-5.2.1.tgz",
      "integrity": "sha512-Hra7IDfH4akUohk4doOdTQh0FkBygsRiLEg9fVGqpPveMdjC8/otUepkCZGoVHawc42nDd93F4tBjaojIWii8w==",
      "requires": {
        "d3-array": "^2.0.3",
        "d3-timer": "^1.0.9",
        "vega-dataflow": "^5.2.1",
        "vega-functions": "^5.2.0",
        "vega-runtime": "^5.0.1",
        "vega-scenegraph": "^4.0.0",
        "vega-util": "^1.10.0"
      }
    },
    "vega-view-transforms": {
      "version": "4.3.0",
      "resolved": "https://registry.npmjs.org/vega-view-transforms/-/vega-view-transforms-4.3.0.tgz",
      "integrity": "sha512-p/HMXEv2Z2zHrnGrxcQWl3gAgzDT94KkZ2dd0/r6KpAptBhxMcbZgGtIqnXzq1nqwbEKXl2oKxL8FOkvYiGtaw==",
      "requires": {
        "vega-dataflow": "^5.1.1",
        "vega-scenegraph": "^4.1.0",
        "vega-util": "^1.8.0"
      }
    },
    "vega-voronoi": {
      "version": "4.0.1",
      "resolved": "https://registry.npmjs.org/vega-voronoi/-/vega-voronoi-4.0.1.tgz",
      "integrity": "sha512-z1iALPb4w5ftM0TaCuRJL1ihkjxWE3RNo/KgkZel/KLrOUn+M8Gt6YghkLrtbNwA/2/khy2rqkarf0KGCZpl/Q==",
      "requires": {
        "d3-voronoi": "^1.1.4",
        "vega-dataflow": "^5.1.0",
        "vega-util": "^1.8.0"
      }
    },
    "vega-wordcloud": {
      "version": "4.0.2",
      "resolved": "https://registry.npmjs.org/vega-wordcloud/-/vega-wordcloud-4.0.2.tgz",
      "integrity": "sha512-nV9bRKjRGcmcQV5wXvOvWes4T5937t3RF+Rm1d03YVAzZpOcVKk9uBuVSeFYBLX2XcDBVe4HK54qDoOTFftHMw==",
      "requires": {
        "vega-canvas": "^1.2.0",
        "vega-dataflow": "^5.1.1",
        "vega-scale": "^4.0.0",
        "vega-statistics": "^1.2.5",
        "vega-util": "^1.8.0"
      }
    }
  }
}
